// !$*UTF8*$!
{
	archiveVersion = 1;
	classes = {
	};
	objectVersion = 50;
	objects = {

/* Begin PBXBuildFile section */
		A2395AB425FD26DA0031D0D9 /* DayViewModelTests.swift in Sources */ = {isa = PBXBuildFile; fileRef = A2395AB325FD26DA0031D0D9 /* DayViewModelTests.swift */; };
		A2395AC125FD2DE20031D0D9 /* XCTest.swift in Sources */ = {isa = PBXBuildFile; fileRef = A2395AC025FD2DE20031D0D9 /* XCTest.swift */; };
		A2395B2925FD41FD0031D0D9 /* weather.json in Resources */ = {isa = PBXBuildFile; fileRef = A2395B2825FD41FD0031D0D9 /* weather.json */; };
		A249283F25F404970058E87C /* DayViewModel.swift in Sources */ = {isa = PBXBuildFile; fileRef = A249283E25F404970058E87C /* DayViewModel.swift */; };
		A24AC5C925E695E3009D41D1 /* DayViewController.swift in Sources */ = {isa = PBXBuildFile; fileRef = A24AC5C825E695E3009D41D1 /* DayViewController.swift */; };
		A24AC5D025E6970E009D41D1 /* WeekViewController.swift in Sources */ = {isa = PBXBuildFile; fileRef = A24AC5CF25E6970E009D41D1 /* WeekViewController.swift */; };
		A26730F225E3F14500BB39A4 /* AppDelegate.swift in Sources */ = {isa = PBXBuildFile; fileRef = A26730F125E3F14500BB39A4 /* AppDelegate.swift */; };
		A26730F425E3F14500BB39A4 /* SceneDelegate.swift in Sources */ = {isa = PBXBuildFile; fileRef = A26730F325E3F14500BB39A4 /* SceneDelegate.swift */; };
		A26730F625E3F14500BB39A4 /* RootViewController.swift in Sources */ = {isa = PBXBuildFile; fileRef = A26730F525E3F14500BB39A4 /* RootViewController.swift */; };
		A26730F925E3F14500BB39A4 /* Main.storyboard in Resources */ = {isa = PBXBuildFile; fileRef = A26730F725E3F14500BB39A4 /* Main.storyboard */; };
		A26730FB25E3F14700BB39A4 /* Assets.xcassets in Resources */ = {isa = PBXBuildFile; fileRef = A26730FA25E3F14700BB39A4 /* Assets.xcassets */; };
		A26730FE25E3F14700BB39A4 /* LaunchScreen.storyboard in Resources */ = {isa = PBXBuildFile; fileRef = A26730FC25E3F14700BB39A4 /* LaunchScreen.storyboard */; };
		A279D2A02606480A00C4748D /* WeekDayTableViewCell.swift in Sources */ = {isa = PBXBuildFile; fileRef = A279D29F2606480A00C4748D /* WeekDayTableViewCell.swift */; };
		A279D2D626065C7200C4748D /* WeekDayViewModel.swift in Sources */ = {isa = PBXBuildFile; fileRef = A279D2D526065C7200C4748D /* WeekDayViewModel.swift */; };
		A279D2E726066AC100C4748D /* WeekDayRepresentable.swift in Sources */ = {isa = PBXBuildFile; fileRef = A279D2E626066AC100C4748D /* WeekDayRepresentable.swift */; };
		A279D3132606780400C4748D /* WeekViewModelTest.swift in Sources */ = {isa = PBXBuildFile; fileRef = A279D3122606780400C4748D /* WeekViewModelTest.swift */; };
		A279D32926067DD600C4748D /* WeekDayViewModelTests.swift in Sources */ = {isa = PBXBuildFile; fileRef = A279D32826067DD600C4748D /* WeekDayViewModelTests.swift */; };
		A2B8F1FC25EBF66600AD7333 /* WeatherRequest.swift in Sources */ = {isa = PBXBuildFile; fileRef = A2B8F1FB25EBF66600AD7333 /* WeatherRequest.swift */; };
		A2B8F20525EC098A00AD7333 /* Configuration.swift in Sources */ = {isa = PBXBuildFile; fileRef = A2B8F20425EC098A00AD7333 /* Configuration.swift */; };
		A2B8F21B25EC1A1A00AD7333 /* RootViewModel.swift in Sources */ = {isa = PBXBuildFile; fileRef = A2B8F21A25EC1A1A00AD7333 /* RootViewModel.swift */; };
		A2B8F23C25EC6F1C00AD7333 /* WeatherResponse.swift in Sources */ = {isa = PBXBuildFile; fileRef = A2B8F23B25EC6F1C00AD7333 /* WeatherResponse.swift */; };
		A2BA07C325ED652A00ECEFCA /* WeaterData.swift in Sources */ = {isa = PBXBuildFile; fileRef = A2BA07C225ED652900ECEFCA /* WeaterData.swift */; };
		A2D72A1125F7DF8B0034FFB2 /* WeekViewModel.swift in Sources */ = {isa = PBXBuildFile; fileRef = A2D72A1025F7DF8B0034FFB2 /* WeekViewModel.swift */; };
		A2D7C1C525FA769700F6F980 /* UIImage.swift in Sources */ = {isa = PBXBuildFile; fileRef = A2D7C1C425FA769700F6F980 /* UIImage.swift */; };
		A2E36BAB25E94F60000C7566 /* UIViewController.swift in Sources */ = {isa = PBXBuildFile; fileRef = A2E36BAA25E94F60000C7566 /* UIViewController.swift */; };
		A2E36BB025E95041000C7566 /* UIStoryboard.swift in Sources */ = {isa = PBXBuildFile; fileRef = A2E36BAF25E95040000C7566 /* UIStoryboard.swift */; };
		A2F4DE0125FA49C400F8BCF2 /* Styles.swift in Sources */ = {isa = PBXBuildFile; fileRef = A2F4DE0025FA49C400F8BCF2 /* Styles.swift */; };
/* End PBXBuildFile section */

/* Begin PBXContainerItemProxy section */
		A2395A9D25FD1E7D0031D0D9 /* PBXContainerItemProxy */ = {
			isa = PBXContainerItemProxy;
			containerPortal = A26730E625E3F14500BB39A4 /* Project object */;
			proxyType = 1;
			remoteGlobalIDString = A26730ED25E3F14500BB39A4;
			remoteInfo = Weather;
		};
/* End PBXContainerItemProxy section */

/* Begin PBXFileReference section */
		A2395A9825FD1E7D0031D0D9 /* WeatherTests.xctest */ = {isa = PBXFileReference; explicitFileType = wrapper.cfbundle; includeInIndex = 0; path = WeatherTests.xctest; sourceTree = BUILT_PRODUCTS_DIR; };
		A2395A9C25FD1E7D0031D0D9 /* Info.plist */ = {isa = PBXFileReference; lastKnownFileType = text.plist.xml; path = Info.plist; sourceTree = "<group>"; };
		A2395AB325FD26DA0031D0D9 /* DayViewModelTests.swift */ = {isa = PBXFileReference; lastKnownFileType = sourcecode.swift; path = DayViewModelTests.swift; sourceTree = "<group>"; };
		A2395AC025FD2DE20031D0D9 /* XCTest.swift */ = {isa = PBXFileReference; lastKnownFileType = sourcecode.swift; path = XCTest.swift; sourceTree = "<group>"; };
		A2395B2825FD41FD0031D0D9 /* weather.json */ = {isa = PBXFileReference; fileEncoding = 4; lastKnownFileType = text.json; path = weather.json; sourceTree = "<group>"; };
		A249283E25F404970058E87C /* DayViewModel.swift */ = {isa = PBXFileReference; lastKnownFileType = sourcecode.swift; path = DayViewModel.swift; sourceTree = "<group>"; };
		A24AC5C825E695E3009D41D1 /* DayViewController.swift */ = {isa = PBXFileReference; lastKnownFileType = sourcecode.swift; path = DayViewController.swift; sourceTree = "<group>"; };
		A24AC5CF25E6970E009D41D1 /* WeekViewController.swift */ = {isa = PBXFileReference; lastKnownFileType = sourcecode.swift; path = WeekViewController.swift; sourceTree = "<group>"; };
		A26730EE25E3F14500BB39A4 /* Weather.app */ = {isa = PBXFileReference; explicitFileType = wrapper.application; includeInIndex = 0; path = Weather.app; sourceTree = BUILT_PRODUCTS_DIR; };
		A26730F125E3F14500BB39A4 /* AppDelegate.swift */ = {isa = PBXFileReference; lastKnownFileType = sourcecode.swift; path = AppDelegate.swift; sourceTree = "<group>"; };
		A26730F325E3F14500BB39A4 /* SceneDelegate.swift */ = {isa = PBXFileReference; lastKnownFileType = sourcecode.swift; path = SceneDelegate.swift; sourceTree = "<group>"; };
		A26730F525E3F14500BB39A4 /* RootViewController.swift */ = {isa = PBXFileReference; lastKnownFileType = sourcecode.swift; path = RootViewController.swift; sourceTree = "<group>"; };
		A26730F825E3F14500BB39A4 /* Base */ = {isa = PBXFileReference; lastKnownFileType = file.storyboard; name = Base; path = Base.lproj/Main.storyboard; sourceTree = "<group>"; };
		A26730FA25E3F14700BB39A4 /* Assets.xcassets */ = {isa = PBXFileReference; lastKnownFileType = folder.assetcatalog; path = Assets.xcassets; sourceTree = "<group>"; };
		A26730FD25E3F14700BB39A4 /* Base */ = {isa = PBXFileReference; lastKnownFileType = file.storyboard; name = Base; path = Base.lproj/LaunchScreen.storyboard; sourceTree = "<group>"; };
		A26730FF25E3F14700BB39A4 /* Info.plist */ = {isa = PBXFileReference; lastKnownFileType = text.plist.xml; path = Info.plist; sourceTree = "<group>"; };
		A279D29F2606480A00C4748D /* WeekDayTableViewCell.swift */ = {isa = PBXFileReference; lastKnownFileType = sourcecode.swift; path = WeekDayTableViewCell.swift; sourceTree = "<group>"; };
		A279D2D526065C7200C4748D /* WeekDayViewModel.swift */ = {isa = PBXFileReference; lastKnownFileType = sourcecode.swift; path = WeekDayViewModel.swift; sourceTree = "<group>"; };
		A279D2E626066AC100C4748D /* WeekDayRepresentable.swift */ = {isa = PBXFileReference; lastKnownFileType = sourcecode.swift; path = WeekDayRepresentable.swift; sourceTree = "<group>"; };
		A279D3122606780400C4748D /* WeekViewModelTest.swift */ = {isa = PBXFileReference; lastKnownFileType = sourcecode.swift; path = WeekViewModelTest.swift; sourceTree = "<group>"; };
		A279D32826067DD600C4748D /* WeekDayViewModelTests.swift */ = {isa = PBXFileReference; lastKnownFileType = sourcecode.swift; path = WeekDayViewModelTests.swift; sourceTree = "<group>"; };
		A2B8F1FB25EBF66600AD7333 /* WeatherRequest.swift */ = {isa = PBXFileReference; lastKnownFileType = sourcecode.swift; path = WeatherRequest.swift; sourceTree = "<group>"; };
		A2B8F20425EC098A00AD7333 /* Configuration.swift */ = {isa = PBXFileReference; lastKnownFileType = sourcecode.swift; path = Configuration.swift; sourceTree = "<group>"; };
		A2B8F21A25EC1A1A00AD7333 /* RootViewModel.swift */ = {isa = PBXFileReference; lastKnownFileType = sourcecode.swift; path = RootViewModel.swift; sourceTree = "<group>"; };
		A2B8F23B25EC6F1C00AD7333 /* WeatherResponse.swift */ = {isa = PBXFileReference; lastKnownFileType = sourcecode.swift; path = WeatherResponse.swift; sourceTree = "<group>"; };
		A2BA07C225ED652900ECEFCA /* WeaterData.swift */ = {isa = PBXFileReference; lastKnownFileType = sourcecode.swift; path = WeaterData.swift; sourceTree = "<group>"; };
		A2D72A1025F7DF8B0034FFB2 /* WeekViewModel.swift */ = {isa = PBXFileReference; lastKnownFileType = sourcecode.swift; path = WeekViewModel.swift; sourceTree = "<group>"; };
		A2D7C1C425FA769700F6F980 /* UIImage.swift */ = {isa = PBXFileReference; lastKnownFileType = sourcecode.swift; path = UIImage.swift; sourceTree = "<group>"; };
		A2E36BAA25E94F60000C7566 /* UIViewController.swift */ = {isa = PBXFileReference; lastKnownFileType = sourcecode.swift; path = UIViewController.swift; sourceTree = "<group>"; };
		A2E36BAF25E95040000C7566 /* UIStoryboard.swift */ = {isa = PBXFileReference; lastKnownFileType = sourcecode.swift; path = UIStoryboard.swift; sourceTree = "<group>"; };
		A2F4DE0025FA49C400F8BCF2 /* Styles.swift */ = {isa = PBXFileReference; lastKnownFileType = sourcecode.swift; path = Styles.swift; sourceTree = "<group>"; };
/* End PBXFileReference section */

/* Begin PBXFrameworksBuildPhase section */
		A2395A9525FD1E7D0031D0D9 /* Frameworks */ = {
			isa = PBXFrameworksBuildPhase;
			buildActionMask = 2147483647;
			files = (
			);
			runOnlyForDeploymentPostprocessing = 0;
		};
		A26730EB25E3F14500BB39A4 /* Frameworks */ = {
			isa = PBXFrameworksBuildPhase;
			buildActionMask = 2147483647;
			files = (
			);
			runOnlyForDeploymentPostprocessing = 0;
		};
/* End PBXFrameworksBuildPhase section */

/* Begin PBXGroup section */
		A2395A9925FD1E7D0031D0D9 /* WeatherTests */ = {
			isa = PBXGroup;
			children = (
				A2395AA625FD1EC10031D0D9 /* Stubs */,
				A2395ABF25FD2DC80031D0D9 /* Extensions */,
				A2395AA725FD1EC40031D0D9 /* TestCases */,
				A2395AA825FD1EC60031D0D9 /* Supporting Files */,
			);
			path = WeatherTests;
			sourceTree = "<group>";
		};
		A2395AA625FD1EC10031D0D9 /* Stubs */ = {
			isa = PBXGroup;
			children = (
				A2395B2825FD41FD0031D0D9 /* weather.json */,
			);
			path = Stubs;
			sourceTree = "<group>";
		};
		A2395AA725FD1EC40031D0D9 /* TestCases */ = {
			isa = PBXGroup;
			children = (
				A2395AB325FD26DA0031D0D9 /* DayViewModelTests.swift */,
				A279D3122606780400C4748D /* WeekViewModelTest.swift */,
				A279D32826067DD600C4748D /* WeekDayViewModelTests.swift */,
			);
			path = TestCases;
			sourceTree = "<group>";
		};
		A2395AA825FD1EC60031D0D9 /* Supporting Files */ = {
			isa = PBXGroup;
			children = (
				A2395A9C25FD1E7D0031D0D9 /* Info.plist */,
			);
			path = "Supporting Files";
			sourceTree = "<group>";
		};
		A2395ABF25FD2DC80031D0D9 /* Extensions */ = {
			isa = PBXGroup;
			children = (
				A2395AC025FD2DE20031D0D9 /* XCTest.swift */,
			);
			path = Extensions;
			sourceTree = "<group>";
		};
		A249283D25F404610058E87C /* View Models */ = {
			isa = PBXGroup;
			children = (
				A249283E25F404970058E87C /* DayViewModel.swift */,
			);
			path = "View Models";
			sourceTree = "<group>";
		};
		A24AC5C625E6959F009D41D1 /* Weather View Controllers */ = {
			isa = PBXGroup;
			children = (
				A24AC5C725E695B6009D41D1 /* Day View Controller */,
				A24AC5CE25E696E3009D41D1 /* Week View Controller */,
			);
			path = "Weather View Controllers";
			sourceTree = "<group>";
		};
		A24AC5C725E695B6009D41D1 /* Day View Controller */ = {
			isa = PBXGroup;
			children = (
				A24AC5C825E695E3009D41D1 /* DayViewController.swift */,
				A249283D25F404610058E87C /* View Models */,
			);
			path = "Day View Controller";
			sourceTree = "<group>";
		};
		A24AC5CE25E696E3009D41D1 /* Week View Controller */ = {
			isa = PBXGroup;
			children = (
				A279D2E526066A9700C4748D /* Protocols */,
				A279D29E260647B800C4748D /* Table View Cells */,
				A2D72A0F25F7DF660034FFB2 /* View Models */,
				A24AC5CF25E6970E009D41D1 /* WeekViewController.swift */,
			);
			path = "Week View Controller";
			sourceTree = "<group>";
		};
		A26730E525E3F14500BB39A4 = {
			isa = PBXGroup;
			children = (
				A26730F025E3F14500BB39A4 /* Weather */,
				A2395A9925FD1E7D0031D0D9 /* WeatherTests */,
				A26730EF25E3F14500BB39A4 /* Products */,
			);
			sourceTree = "<group>";
		};
		A26730EF25E3F14500BB39A4 /* Products */ = {
			isa = PBXGroup;
			children = (
				A26730EE25E3F14500BB39A4 /* Weather.app */,
				A2395A9825FD1E7D0031D0D9 /* WeatherTests.xctest */,
			);
			name = Products;
			sourceTree = "<group>";
		};
		A26730F025E3F14500BB39A4 /* Weather */ = {
			isa = PBXGroup;
			children = (
				A267310625E4306B00BB39A4 /* Application Delegate */,
				A267310725E430A400BB39A4 /* View Controllers */,
				A2B8F20325EC097000AD7333 /* Configuration */,
				A2B8F1FA25EBF64600AD7333 /* Models */,
				A2E36BA925E94F42000C7566 /* Extensions */,
				A2BA07C125ED651500ECEFCA /* Protocols */,
				A267310F25E431AD00BB39A4 /* Supporting Files */,
				A267310E25E4319600BB39A4 /* Resources */,
				A267310B25E4314F00BB39A4 /* Storyboards */,
			);
			path = Weather;
			sourceTree = "<group>";
		};
		A267310625E4306B00BB39A4 /* Application Delegate */ = {
			isa = PBXGroup;
			children = (
				A26730F125E3F14500BB39A4 /* AppDelegate.swift */,
				A26730F325E3F14500BB39A4 /* SceneDelegate.swift */,
			);
			path = "Application Delegate";
			sourceTree = "<group>";
		};
		A267310725E430A400BB39A4 /* View Controllers */ = {
			isa = PBXGroup;
			children = (
				A267310825E430BB00BB39A4 /* Root View Controller */,
				A24AC5C625E6959F009D41D1 /* Weather View Controllers */,
			);
			path = "View Controllers";
			sourceTree = "<group>";
		};
		A267310825E430BB00BB39A4 /* Root View Controller */ = {
			isa = PBXGroup;
			children = (
				A26730F525E3F14500BB39A4 /* RootViewController.swift */,
				A2B8F21925EC1A0300AD7333 /* View Models */,
			);
			path = "Root View Controller";
			sourceTree = "<group>";
		};
		A267310B25E4314F00BB39A4 /* Storyboards */ = {
			isa = PBXGroup;
			children = (
				A26730FC25E3F14700BB39A4 /* LaunchScreen.storyboard */,
				A26730F725E3F14500BB39A4 /* Main.storyboard */,
			);
			path = Storyboards;
			sourceTree = "<group>";
		};
		A267310E25E4319600BB39A4 /* Resources */ = {
			isa = PBXGroup;
			children = (
				A26730FA25E3F14700BB39A4 /* Assets.xcassets */,
			);
			path = Resources;
			sourceTree = "<group>";
		};
		A267310F25E431AD00BB39A4 /* Supporting Files */ = {
			isa = PBXGroup;
			children = (
				A26730FF25E3F14700BB39A4 /* Info.plist */,
			);
			path = "Supporting Files";
			sourceTree = "<group>";
		};
		A279D29E260647B800C4748D /* Table View Cells */ = {
			isa = PBXGroup;
			children = (
				A279D29F2606480A00C4748D /* WeekDayTableViewCell.swift */,
			);
			path = "Table View Cells";
			sourceTree = "<group>";
		};
		A279D2E526066A9700C4748D /* Protocols */ = {
			isa = PBXGroup;
			children = (
				A279D2E626066AC100C4748D /* WeekDayRepresentable.swift */,
			);
			path = Protocols;
			sourceTree = "<group>";
		};
		A2B8F1FA25EBF64600AD7333 /* Models */ = {
			isa = PBXGroup;
			children = (
				A2B8F1FB25EBF66600AD7333 /* WeatherRequest.swift */,
				A2B8F23B25EC6F1C00AD7333 /* WeatherResponse.swift */,
			);
			path = Models;
			sourceTree = "<group>";
		};
		A2B8F20325EC097000AD7333 /* Configuration */ = {
			isa = PBXGroup;
			children = (
				A2B8F20425EC098A00AD7333 /* Configuration.swift */,
				A2F4DE0025FA49C400F8BCF2 /* Styles.swift */,
			);
			path = Configuration;
			sourceTree = "<group>";
		};
		A2B8F21925EC1A0300AD7333 /* View Models */ = {
			isa = PBXGroup;
			children = (
				A2B8F21A25EC1A1A00AD7333 /* RootViewModel.swift */,
			);
			path = "View Models";
			sourceTree = "<group>";
		};
		A2BA07C125ED651500ECEFCA /* Protocols */ = {
			isa = PBXGroup;
			children = (
				A2BA07C225ED652900ECEFCA /* WeaterData.swift */,
			);
			path = Protocols;
			sourceTree = "<group>";
		};
		A2D72A0F25F7DF660034FFB2 /* View Models */ = {
			isa = PBXGroup;
			children = (
				A2D72A1025F7DF8B0034FFB2 /* WeekViewModel.swift */,
				A279D2D526065C7200C4748D /* WeekDayViewModel.swift */,
			);
			path = "View Models";
			sourceTree = "<group>";
		};
		A2E36BA925E94F42000C7566 /* Extensions */ = {
			isa = PBXGroup;
			children = (
				A2E36BAA25E94F60000C7566 /* UIViewController.swift */,
				A2E36BAF25E95040000C7566 /* UIStoryboard.swift */,
				A2D7C1C425FA769700F6F980 /* UIImage.swift */,
			);
			path = Extensions;
			sourceTree = "<group>";
		};
/* End PBXGroup section */

/* Begin PBXNativeTarget section */
		A2395A9725FD1E7D0031D0D9 /* WeatherTests */ = {
			isa = PBXNativeTarget;
			buildConfigurationList = A2395AA125FD1E7D0031D0D9 /* Build configuration list for PBXNativeTarget "WeatherTests" */;
			buildPhases = (
				A2395A9425FD1E7D0031D0D9 /* Sources */,
				A2395A9525FD1E7D0031D0D9 /* Frameworks */,
				A2395A9625FD1E7D0031D0D9 /* Resources */,
			);
			buildRules = (
			);
			dependencies = (
				A2395A9E25FD1E7D0031D0D9 /* PBXTargetDependency */,
			);
			name = WeatherTests;
			productName = WeatherTests;
			productReference = A2395A9825FD1E7D0031D0D9 /* WeatherTests.xctest */;
			productType = "com.apple.product-type.bundle.unit-test";
		};
		A26730ED25E3F14500BB39A4 /* Weather */ = {
			isa = PBXNativeTarget;
			buildConfigurationList = A267310225E3F14700BB39A4 /* Build configuration list for PBXNativeTarget "Weather" */;
			buildPhases = (
				A26730EA25E3F14500BB39A4 /* Sources */,
				A26730EB25E3F14500BB39A4 /* Frameworks */,
				A26730EC25E3F14500BB39A4 /* Resources */,
			);
			buildRules = (
			);
			dependencies = (
			);
			name = Weather;
			productName = Weather;
			productReference = A26730EE25E3F14500BB39A4 /* Weather.app */;
			productType = "com.apple.product-type.application";
		};
/* End PBXNativeTarget section */

/* Begin PBXProject section */
		A26730E625E3F14500BB39A4 /* Project object */ = {
			isa = PBXProject;
			attributes = {
				LastSwiftUpdateCheck = 1210;
				LastUpgradeCheck = 1210;
				TargetAttributes = {
					A2395A9725FD1E7D0031D0D9 = {
						CreatedOnToolsVersion = 12.1;
						LastSwiftMigration = 1210;
						TestTargetID = A26730ED25E3F14500BB39A4;
					};
					A26730ED25E3F14500BB39A4 = {
						CreatedOnToolsVersion = 12.1;
					};
				};
			};
			buildConfigurationList = A26730E925E3F14500BB39A4 /* Build configuration list for PBXProject "Weather" */;
			compatibilityVersion = "Xcode 9.3";
			developmentRegion = en;
			hasScannedForEncodings = 0;
			knownRegions = (
				en,
				Base,
			);
			mainGroup = A26730E525E3F14500BB39A4;
			productRefGroup = A26730EF25E3F14500BB39A4 /* Products */;
			projectDirPath = "";
			projectRoot = "";
			targets = (
				A26730ED25E3F14500BB39A4 /* Weather */,
				A2395A9725FD1E7D0031D0D9 /* WeatherTests */,
			);
		};
/* End PBXProject section */

/* Begin PBXResourcesBuildPhase section */
		A2395A9625FD1E7D0031D0D9 /* Resources */ = {
			isa = PBXResourcesBuildPhase;
			buildActionMask = 2147483647;
			files = (
				A2395B2925FD41FD0031D0D9 /* weather.json in Resources */,
			);
			runOnlyForDeploymentPostprocessing = 0;
		};
		A26730EC25E3F14500BB39A4 /* Resources */ = {
			isa = PBXResourcesBuildPhase;
			buildActionMask = 2147483647;
			files = (
				A26730FE25E3F14700BB39A4 /* LaunchScreen.storyboard in Resources */,
				A26730FB25E3F14700BB39A4 /* Assets.xcassets in Resources */,
				A26730F925E3F14500BB39A4 /* Main.storyboard in Resources */,
			);
			runOnlyForDeploymentPostprocessing = 0;
		};
/* End PBXResourcesBuildPhase section */

/* Begin PBXSourcesBuildPhase section */
		A2395A9425FD1E7D0031D0D9 /* Sources */ = {
			isa = PBXSourcesBuildPhase;
			buildActionMask = 2147483647;
			files = (
				A2395AC125FD2DE20031D0D9 /* XCTest.swift in Sources */,
				A279D3132606780400C4748D /* WeekViewModelTest.swift in Sources */,
				A2395AB425FD26DA0031D0D9 /* DayViewModelTests.swift in Sources */,
				A279D32926067DD600C4748D /* WeekDayViewModelTests.swift in Sources */,
			);
			runOnlyForDeploymentPostprocessing = 0;
		};
		A26730EA25E3F14500BB39A4 /* Sources */ = {
			isa = PBXSourcesBuildPhase;
			buildActionMask = 2147483647;
			files = (
				A2B8F21B25EC1A1A00AD7333 /* RootViewModel.swift in Sources */,
				A2B8F1FC25EBF66600AD7333 /* WeatherRequest.swift in Sources */,
				A249283F25F404970058E87C /* DayViewModel.swift in Sources */,
				A279D2A02606480A00C4748D /* WeekDayTableViewCell.swift in Sources */,
				A24AC5D025E6970E009D41D1 /* WeekViewController.swift in Sources */,
				A2B8F23C25EC6F1C00AD7333 /* WeatherResponse.swift in Sources */,
				A26730F625E3F14500BB39A4 /* RootViewController.swift in Sources */,
				A2F4DE0125FA49C400F8BCF2 /* Styles.swift in Sources */,
				A2B8F20525EC098A00AD7333 /* Configuration.swift in Sources */,
				A2E36BAB25E94F60000C7566 /* UIViewController.swift in Sources */,
				A2D7C1C525FA769700F6F980 /* UIImage.swift in Sources */,
				A26730F225E3F14500BB39A4 /* AppDelegate.swift in Sources */,
				A26730F425E3F14500BB39A4 /* SceneDelegate.swift in Sources */,
				A279D2D626065C7200C4748D /* WeekDayViewModel.swift in Sources */,
				A2BA07C325ED652A00ECEFCA /* WeaterData.swift in Sources */,
				A279D2E726066AC100C4748D /* WeekDayRepresentable.swift in Sources */,
				A24AC5C925E695E3009D41D1 /* DayViewController.swift in Sources */,
				A2D72A1125F7DF8B0034FFB2 /* WeekViewModel.swift in Sources */,
				A2E36BB025E95041000C7566 /* UIStoryboard.swift in Sources */,
			);
			runOnlyForDeploymentPostprocessing = 0;
		};
/* End PBXSourcesBuildPhase section */

/* Begin PBXTargetDependency section */
		A2395A9E25FD1E7D0031D0D9 /* PBXTargetDependency */ = {
			isa = PBXTargetDependency;
			target = A26730ED25E3F14500BB39A4 /* Weather */;
			targetProxy = A2395A9D25FD1E7D0031D0D9 /* PBXContainerItemProxy */;
		};
/* End PBXTargetDependency section */

/* Begin PBXVariantGroup section */
		A26730F725E3F14500BB39A4 /* Main.storyboard */ = {
			isa = PBXVariantGroup;
			children = (
				A26730F825E3F14500BB39A4 /* Base */,
			);
			name = Main.storyboard;
			sourceTree = "<group>";
		};
		A26730FC25E3F14700BB39A4 /* LaunchScreen.storyboard */ = {
			isa = PBXVariantGroup;
			children = (
				A26730FD25E3F14700BB39A4 /* Base */,
			);
			name = LaunchScreen.storyboard;
			sourceTree = "<group>";
		};
/* End PBXVariantGroup section */

/* Begin XCBuildConfiguration section */
		A2395A9F25FD1E7D0031D0D9 /* Debug */ = {
			isa = XCBuildConfiguration;
			buildSettings = {
				BUNDLE_LOADER = "$(TEST_HOST)";
				CLANG_ENABLE_MODULES = YES;
				CODE_SIGN_STYLE = Automatic;
				DEVELOPMENT_TEAM = W2R3FU56QQ;
				INFOPLIST_FILE = "WeatherTests/Supporting Files/Info.plist";
				LD_RUNPATH_SEARCH_PATHS = (
					"$(inherited)",
					"@executable_path/Frameworks",
					"@loader_path/Frameworks",
				);
				PRODUCT_BUNDLE_IDENTIFIER = com.smmc.WeatherTests;
				PRODUCT_NAME = "$(TARGET_NAME)";
				SWIFT_OPTIMIZATION_LEVEL = "-Onone";
				SWIFT_VERSION = 5.0;
				TARGETED_DEVICE_FAMILY = "1,2";
				TEST_HOST = "$(BUILT_PRODUCTS_DIR)/Weather.app/Weather";
			};
			name = Debug;
		};
		A2395AA025FD1E7D0031D0D9 /* Release */ = {
			isa = XCBuildConfiguration;
			buildSettings = {
				BUNDLE_LOADER = "$(TEST_HOST)";
				CLANG_ENABLE_MODULES = YES;
				CODE_SIGN_STYLE = Automatic;
				DEVELOPMENT_TEAM = W2R3FU56QQ;
				INFOPLIST_FILE = "WeatherTests/Supporting Files/Info.plist";
				LD_RUNPATH_SEARCH_PATHS = (
					"$(inherited)",
					"@executable_path/Frameworks",
					"@loader_path/Frameworks",
				);
				PRODUCT_BUNDLE_IDENTIFIER = com.smmc.WeatherTests;
				PRODUCT_NAME = "$(TARGET_NAME)";
				SWIFT_VERSION = 5.0;
				TARGETED_DEVICE_FAMILY = "1,2";
				TEST_HOST = "$(BUILT_PRODUCTS_DIR)/Weather.app/Weather";
			};
			name = Release;
		};
		A267310025E3F14700BB39A4 /* Debug */ = {
			isa = XCBuildConfiguration;
			buildSettings = {
				ALWAYS_SEARCH_USER_PATHS = NO;
				CLANG_ANALYZER_NONNULL = YES;
				CLANG_ANALYZER_NUMBER_OBJECT_CONVERSION = YES_AGGRESSIVE;
				CLANG_CXX_LANGUAGE_STANDARD = "gnu++14";
				CLANG_CXX_LIBRARY = "libc++";
				CLANG_ENABLE_MODULES = YES;
				CLANG_ENABLE_OBJC_ARC = YES;
				CLANG_ENABLE_OBJC_WEAK = YES;
				CLANG_WARN_BLOCK_CAPTURE_AUTORELEASING = YES;
				CLANG_WARN_BOOL_CONVERSION = YES;
				CLANG_WARN_COMMA = YES;
				CLANG_WARN_CONSTANT_CONVERSION = YES;
				CLANG_WARN_DEPRECATED_OBJC_IMPLEMENTATIONS = YES;
				CLANG_WARN_DIRECT_OBJC_ISA_USAGE = YES_ERROR;
				CLANG_WARN_DOCUMENTATION_COMMENTS = YES;
				CLANG_WARN_EMPTY_BODY = YES;
				CLANG_WARN_ENUM_CONVERSION = YES;
				CLANG_WARN_INFINITE_RECURSION = YES;
				CLANG_WARN_INT_CONVERSION = YES;
				CLANG_WARN_NON_LITERAL_NULL_CONVERSION = YES;
				CLANG_WARN_OBJC_IMPLICIT_RETAIN_SELF = YES;
				CLANG_WARN_OBJC_LITERAL_CONVERSION = YES;
				CLANG_WARN_OBJC_ROOT_CLASS = YES_ERROR;
				CLANG_WARN_QUOTED_INCLUDE_IN_FRAMEWORK_HEADER = YES;
				CLANG_WARN_RANGE_LOOP_ANALYSIS = YES;
				CLANG_WARN_STRICT_PROTOTYPES = YES;
				CLANG_WARN_SUSPICIOUS_MOVE = YES;
				CLANG_WARN_UNGUARDED_AVAILABILITY = YES_AGGRESSIVE;
				CLANG_WARN_UNREACHABLE_CODE = YES;
				CLANG_WARN__DUPLICATE_METHOD_MATCH = YES;
				COPY_PHASE_STRIP = NO;
				DEBUG_INFORMATION_FORMAT = dwarf;
				ENABLE_STRICT_OBJC_MSGSEND = YES;
				ENABLE_TESTABILITY = YES;
				GCC_C_LANGUAGE_STANDARD = gnu11;
				GCC_DYNAMIC_NO_PIC = NO;
				GCC_NO_COMMON_BLOCKS = YES;
				GCC_OPTIMIZATION_LEVEL = 0;
				GCC_PREPROCESSOR_DEFINITIONS = (
					"DEBUG=1",
					"$(inherited)",
				);
				GCC_WARN_64_TO_32_BIT_CONVERSION = YES;
				GCC_WARN_ABOUT_RETURN_TYPE = YES_ERROR;
				GCC_WARN_UNDECLARED_SELECTOR = YES;
				GCC_WARN_UNINITIALIZED_AUTOS = YES_AGGRESSIVE;
				GCC_WARN_UNUSED_FUNCTION = YES;
				GCC_WARN_UNUSED_VARIABLE = YES;
				IPHONEOS_DEPLOYMENT_TARGET = 14.1;
				MTL_ENABLE_DEBUG_INFO = INCLUDE_SOURCE;
				MTL_FAST_MATH = YES;
				ONLY_ACTIVE_ARCH = YES;
				SDKROOT = iphoneos;
				SWIFT_ACTIVE_COMPILATION_CONDITIONS = DEBUG;
				SWIFT_OPTIMIZATION_LEVEL = "-Onone";
			};
			name = Debug;
		};
		A267310125E3F14700BB39A4 /* Release */ = {
			isa = XCBuildConfiguration;
			buildSettings = {
				ALWAYS_SEARCH_USER_PATHS = NO;
				CLANG_ANALYZER_NONNULL = YES;
				CLANG_ANALYZER_NUMBER_OBJECT_CONVERSION = YES_AGGRESSIVE;
				CLANG_CXX_LANGUAGE_STANDARD = "gnu++14";
				CLANG_CXX_LIBRARY = "libc++";
				CLANG_ENABLE_MODULES = YES;
				CLANG_ENABLE_OBJC_ARC = YES;
				CLANG_ENABLE_OBJC_WEAK = YES;
				CLANG_WARN_BLOCK_CAPTURE_AUTORELEASING = YES;
				CLANG_WARN_BOOL_CONVERSION = YES;
				CLANG_WARN_COMMA = YES;
				CLANG_WARN_CONSTANT_CONVERSION = YES;
				CLANG_WARN_DEPRECATED_OBJC_IMPLEMENTATIONS = YES;
				CLANG_WARN_DIRECT_OBJC_ISA_USAGE = YES_ERROR;
				CLANG_WARN_DOCUMENTATION_COMMENTS = YES;
				CLANG_WARN_EMPTY_BODY = YES;
				CLANG_WARN_ENUM_CONVERSION = YES;
				CLANG_WARN_INFINITE_RECURSION = YES;
				CLANG_WARN_INT_CONVERSION = YES;
				CLANG_WARN_NON_LITERAL_NULL_CONVERSION = YES;
				CLANG_WARN_OBJC_IMPLICIT_RETAIN_SELF = YES;
				CLANG_WARN_OBJC_LITERAL_CONVERSION = YES;
				CLANG_WARN_OBJC_ROOT_CLASS = YES_ERROR;
				CLANG_WARN_QUOTED_INCLUDE_IN_FRAMEWORK_HEADER = YES;
				CLANG_WARN_RANGE_LOOP_ANALYSIS = YES;
				CLANG_WARN_STRICT_PROTOTYPES = YES;
				CLANG_WARN_SUSPICIOUS_MOVE = YES;
				CLANG_WARN_UNGUARDED_AVAILABILITY = YES_AGGRESSIVE;
				CLANG_WARN_UNREACHABLE_CODE = YES;
				CLANG_WARN__DUPLICATE_METHOD_MATCH = YES;
				COPY_PHASE_STRIP = NO;
				DEBUG_INFORMATION_FORMAT = "dwarf-with-dsym";
				ENABLE_NS_ASSERTIONS = NO;
				ENABLE_STRICT_OBJC_MSGSEND = YES;
				GCC_C_LANGUAGE_STANDARD = gnu11;
				GCC_NO_COMMON_BLOCKS = YES;
				GCC_WARN_64_TO_32_BIT_CONVERSION = YES;
				GCC_WARN_ABOUT_RETURN_TYPE = YES_ERROR;
				GCC_WARN_UNDECLARED_SELECTOR = YES;
				GCC_WARN_UNINITIALIZED_AUTOS = YES_AGGRESSIVE;
				GCC_WARN_UNUSED_FUNCTION = YES;
				GCC_WARN_UNUSED_VARIABLE = YES;
				IPHONEOS_DEPLOYMENT_TARGET = 14.1;
				MTL_ENABLE_DEBUG_INFO = NO;
				MTL_FAST_MATH = YES;
				SDKROOT = iphoneos;
				SWIFT_COMPILATION_MODE = wholemodule;
				SWIFT_OPTIMIZATION_LEVEL = "-O";
				VALIDATE_PRODUCT = YES;
			};
			name = Release;
		};
		A267310325E3F14700BB39A4 /* Debug */ = {
			isa = XCBuildConfiguration;
			buildSettings = {
				ASSETCATALOG_COMPILER_APPICON_NAME = AppIcon;
				ASSETCATALOG_COMPILER_GLOBAL_ACCENT_COLOR_NAME = AccentColor;
				CODE_SIGN_STYLE = Automatic;
				DEVELOPMENT_TEAM = W2R3FU56QQ;
				INFOPLIST_FILE = "Weather/Supporting Files//Info.plist";
				LD_RUNPATH_SEARCH_PATHS = (
					"$(inherited)",
					"@executable_path/Frameworks",
				);
				PRODUCT_BUNDLE_IDENTIFIER = com.smmc.Weather;
				PRODUCT_NAME = "$(TARGET_NAME)";
				SWIFT_VERSION = 5.0;
				TARGETED_DEVICE_FAMILY = 1;
			};
			name = Debug;
		};
		A267310425E3F14700BB39A4 /* Release */ = {
			isa = XCBuildConfiguration;
			buildSettings = {
				ASSETCATALOG_COMPILER_APPICON_NAME = AppIcon;
				ASSETCATALOG_COMPILER_GLOBAL_ACCENT_COLOR_NAME = AccentColor;
				CODE_SIGN_STYLE = Automatic;
				DEVELOPMENT_TEAM = W2R3FU56QQ;
				INFOPLIST_FILE = "Weather/Supporting Files//Info.plist";
				LD_RUNPATH_SEARCH_PATHS = (
					"$(inherited)",
					"@executable_path/Frameworks",
				);
				PRODUCT_BUNDLE_IDENTIFIER = com.smmc.Weather;
				PRODUCT_NAME = "$(TARGET_NAME)";
				SWIFT_VERSION = 5.0;
				TARGETED_DEVICE_FAMILY = 1;
			};
			name = Release;
		};
/* End XCBuildConfiguration section */

/* Begin XCConfigurationList section */
		A2395AA125FD1E7D0031D0D9 /* Build configuration list for PBXNativeTarget "WeatherTests" */ = {
			isa = XCConfigurationList;
			buildConfigurations = (
				A2395A9F25FD1E7D0031D0D9 /* Debug */,
				A2395AA025FD1E7D0031D0D9 /* Release */,
			);
			defaultConfigurationIsVisible = 0;
			defaultConfigurationName = Release;
		};
		A26730E925E3F14500BB39A4 /* Build configuration list for PBXProject "Weather" */ = {
			isa = XCConfigurationList;
			buildConfigurations = (
				A267310025E3F14700BB39A4 /* Debug */,
				A267310125E3F14700BB39A4 /* Release */,
			);
			defaultConfigurationIsVisible = 0;
			defaultConfigurationName = Release;
		};
		A267310225E3F14700BB39A4 /* Build configuration list for PBXNativeTarget "Weather" */ = {
			isa = XCConfigurationList;
			buildConfigurations = (
				A267310325E3F14700BB39A4 /* Debug */,
				A267310425E3F14700BB39A4 /* Release */,
			);
			defaultConfigurationIsVisible = 0;
			defaultConfigurationName = Release;
		};
/* End XCConfigurationList section */
	};
	rootObject = A26730E625E3F14500BB39A4 /* Project object */;
}
